
Microsoft Visual Studio Solution File, Format Version 12.00
# Visual Studio 15
VisualStudioVersion = 15.0.27703.2035
MinimumVisualStudioVersion = 10.0.40219.1
Project("{FAE04EC0-301F-11D3-BF4B-00C04F79EFBC}") = "Northwind2P", "EntityFrame\Northwind2P.csproj", "{1A3F1786-3517-4A0B-98B0-BC154BAD496E}"
EndProject
Project("{FAE04EC0-301F-11D3-BF4B-00C04F79EFBC}") = "Csharp", "Csharp\Csharp.csproj", "{3FC6E5ED-09A1-486D-9FEE-667CFFF663E2}"
EndProject
Global
	GlobalSection(SolutionConfigurationPlatforms) = preSolution
		Debug|Any CPU = Debug|Any CPU
		Release|Any CPU = Release|Any CPU
	EndGlobalSection
	GlobalSection(ProjectConfigurationPlatforms) = postSolution
		{1A3F1786-3517-4A0B-98B0-BC154BAD496E}.Debug|Any CPU.ActiveCfg = Debug|Any CPU
		{1A3F1786-3517-4A0B-98B0-BC154BAD496E}.Debug|Any CPU.Build.0 = Debug|Any CPU
		{1A3F1786-3517-4A0B-98B0-BC154BAD496E}.Release|Any CPU.ActiveCfg = Release|Any CPU
		{1A3F1786-3517-4A0B-98B0-BC154BAD496E}.Release|Any CPU.Build.0 = Release|Any CPU
		{3FC6E5ED-09A1-486D-9FEE-667CFFF663E2}.Debug|Any CPU.ActiveCfg = Debug|Any CPU
		{3FC6E5ED-09A1-486D-9FEE-667CFFF663E2}.Debug|Any CPU.Build.0 = Debug|Any CPU
		{3FC6E5ED-09A1-486D-9FEE-667CFFF663E2}.Release|Any CPU.ActiveCfg = Release|Any CPU
		{3FC6E5ED-09A1-486D-9FEE-667CFFF663E2}.Release|Any CPU.Build.0 = Release|Any CPU
	EndGlobalSection
	GlobalSection(SolutionProperties) = preSolution
		HideSolutionNode = FALSE
	EndGlobalSection
	GlobalSection(ExtensibilityGlobals) = postSolution
		SolutionGuid = {B5132A41-CEB0-4434-9376-1D8E5539D65E}
	EndGlobalSection
EndGlobal
